
Microsoft Visual Studio Solution File, Format Version 12.00
# Visual Studio Version 16
VisualStudioVersion = 16.0.31624.102
MinimumVisualStudioVersion = 10.0.40219.1
Project("{FAE04EC0-301F-11D3-BF4B-00C04F79EFBC}") = "Kryptograph.Semih", "Kryptograph.Semih\Kryptograph.Semih.csproj", "{184E69B9-3129-4EE0-A6EF-28536646E122}"
EndProject
Global
	GlobalSection(SolutionConfigurationPlatforms) = preSolution
		Debug|Any CPU = Debug|Any CPU
		Release|Any CPU = Release|Any CPU
	EndGlobalSection
	GlobalSection(ProjectConfigurationPlatforms) = postSolution
		{184E69B9-3129-4EE0-A6EF-28536646E122}.Debug|Any CPU.ActiveCfg = Debug|Any CPU
		{184E69B9-3129-4EE0-A6EF-28536646E122}.Debug|Any CPU.Build.0 = Debug|Any CPU
		{184E69B9-3129-4EE0-A6EF-28536646E122}.Release|Any CPU.ActiveCfg = Release|Any CPU
		{184E69B9-3129-4EE0-A6EF-28536646E122}.Release|Any CPU.Build.0 = Release|Any CPU
	EndGlobalSection
	GlobalSection(SolutionProperties) = preSolution
		HideSolutionNode = FALSE
	EndGlobalSection
	GlobalSection(ExtensibilityGlobals) = postSolution
		SolutionGuid = {18ED6F9A-98D7-4894-9BA2-1DF607039ED1}
	EndGlobalSection
EndGlobal
